uuid: d31a7088-4260-401b-b2f4-acc089d710f7
langcode: sv
status: true
dependencies:
  module:
    - commerce_product
id: commerce_product.marketing_cloud_imageblock
field_name: marketing_cloud_imageblock
entity_type: commerce_product
type: string
settings:
  max_length: 255
  is_ascii: false
  case_sensitive: false
module: core
locked: false
cardinality: 1
translatable: true
indexes: {  }
persist_with_no_fields: false
custom_storage: false
